
Microsoft Visual Studio Solution File, Format Version 12.00
# Visual Studio 2012
Project("{FAE04EC0-301F-11D3-BF4B-00C04F79EFBC}") = "MineProxyPluginTemplate", "MineProxyPluginTemplate\MineProxyPluginTemplate.csproj", "{562401CE-D24C-4E01-BC88-16D454F1BDF4}"
EndProject
Project("{2150E333-8FDC-42A3-9474-1A3956D46DE8}") = "dependencies", "dependencies", "{C1A81622-7CF4-4E17-8979-7B8CC914215C}"
EndProject
Project("{FAE04EC0-301F-11D3-BF4B-00C04F79EFBC}") = "Pdelvo.Minecraft.Proxy.Console", "..\externals\proxyserver\Pdelvo.Minecraft.Proxy\Pdelvo.Minecraft.Proxy.Console\Pdelvo.Minecraft.Proxy.Console.csproj", "{8750BDD9-ECB2-4AE6-A845-EEA21DCAA32F}"
	ProjectSection(ProjectDependencies) = postProject
		{562401CE-D24C-4E01-BC88-16D454F1BDF4} = {562401CE-D24C-4E01-BC88-16D454F1BDF4}
	EndProjectSection
EndProject
Project("{FAE04EC0-301F-11D3-BF4B-00C04F79EFBC}") = "Pdelvo.Minecraft.Proxy.Library", "..\externals\proxyserver\Pdelvo.Minecraft.Proxy\Pdelvo.Minecraft.Proxy.Library\Pdelvo.Minecraft.Proxy.Library.csproj", "{114F9078-D8D6-4515-ACDE-25A5988475C7}"
EndProject
Project("{FAE04EC0-301F-11D3-BF4B-00C04F79EFBC}") = "Pdelvo.Async.Extensions", "..\externals\proxyserver\externals\asynclib\Pdelvo.Async.Extensions.csproj", "{835AE408-E04F-4E51-82C2-74F899C6DDA0}"
EndProject
Project("{FAE04EC0-301F-11D3-BF4B-00C04F79EFBC}") = "Pdelvo.Minecraft.Network", "..\externals\proxyserver\externals\minecraftlib\Pdelvo.Minecraft.Network\Pdelvo.Minecraft.Network.csproj", "{8291168C-FF6F-47F8-B166-9B5D551E7BCA}"
EndProject
Project("{FAE04EC0-301F-11D3-BF4B-00C04F79EFBC}") = "Pdelvo.Minecraft.Protocol", "..\externals\proxyserver\externals\minecraftlib\Pdelvo.Minecraft.Protocol\Pdelvo.Minecraft.Protocol.csproj", "{15181DED-BE43-47F9-A543-0B40F4F17A27}"
EndProject
Global
	GlobalSection(SolutionConfigurationPlatforms) = preSolution
		Debug|Any CPU = Debug|Any CPU
		Release|Any CPU = Release|Any CPU
	EndGlobalSection
	GlobalSection(ProjectConfigurationPlatforms) = postSolution
		{562401CE-D24C-4E01-BC88-16D454F1BDF4}.Debug|Any CPU.ActiveCfg = Debug|Any CPU
		{562401CE-D24C-4E01-BC88-16D454F1BDF4}.Debug|Any CPU.Build.0 = Debug|Any CPU
		{562401CE-D24C-4E01-BC88-16D454F1BDF4}.Release|Any CPU.ActiveCfg = Release|Any CPU
		{562401CE-D24C-4E01-BC88-16D454F1BDF4}.Release|Any CPU.Build.0 = Release|Any CPU
		{8750BDD9-ECB2-4AE6-A845-EEA21DCAA32F}.Debug|Any CPU.ActiveCfg = Debug|Any CPU
		{8750BDD9-ECB2-4AE6-A845-EEA21DCAA32F}.Debug|Any CPU.Build.0 = Debug|Any CPU
		{8750BDD9-ECB2-4AE6-A845-EEA21DCAA32F}.Release|Any CPU.ActiveCfg = Release|Any CPU
		{8750BDD9-ECB2-4AE6-A845-EEA21DCAA32F}.Release|Any CPU.Build.0 = Release|Any CPU
		{114F9078-D8D6-4515-ACDE-25A5988475C7}.Debug|Any CPU.ActiveCfg = Debug|Any CPU
		{114F9078-D8D6-4515-ACDE-25A5988475C7}.Debug|Any CPU.Build.0 = Debug|Any CPU
		{114F9078-D8D6-4515-ACDE-25A5988475C7}.Release|Any CPU.ActiveCfg = Release|Any CPU
		{114F9078-D8D6-4515-ACDE-25A5988475C7}.Release|Any CPU.Build.0 = Release|Any CPU
		{835AE408-E04F-4E51-82C2-74F899C6DDA0}.Debug|Any CPU.ActiveCfg = Debug|Any CPU
		{835AE408-E04F-4E51-82C2-74F899C6DDA0}.Debug|Any CPU.Build.0 = Debug|Any CPU
		{835AE408-E04F-4E51-82C2-74F899C6DDA0}.Release|Any CPU.ActiveCfg = Release|Any CPU
		{835AE408-E04F-4E51-82C2-74F899C6DDA0}.Release|Any CPU.Build.0 = Release|Any CPU
		{8291168C-FF6F-47F8-B166-9B5D551E7BCA}.Debug|Any CPU.ActiveCfg = Debug|Any CPU
		{8291168C-FF6F-47F8-B166-9B5D551E7BCA}.Debug|Any CPU.Build.0 = Debug|Any CPU
		{8291168C-FF6F-47F8-B166-9B5D551E7BCA}.Release|Any CPU.ActiveCfg = Release|Any CPU
		{8291168C-FF6F-47F8-B166-9B5D551E7BCA}.Release|Any CPU.Build.0 = Release|Any CPU
		{15181DED-BE43-47F9-A543-0B40F4F17A27}.Debug|Any CPU.ActiveCfg = Debug|Any CPU
		{15181DED-BE43-47F9-A543-0B40F4F17A27}.Debug|Any CPU.Build.0 = Debug|Any CPU
		{15181DED-BE43-47F9-A543-0B40F4F17A27}.Release|Any CPU.ActiveCfg = Release|Any CPU
		{15181DED-BE43-47F9-A543-0B40F4F17A27}.Release|Any CPU.Build.0 = Release|Any CPU
	EndGlobalSection
	GlobalSection(SolutionProperties) = preSolution
		HideSolutionNode = FALSE
	EndGlobalSection
	GlobalSection(NestedProjects) = preSolution
		{8750BDD9-ECB2-4AE6-A845-EEA21DCAA32F} = {C1A81622-7CF4-4E17-8979-7B8CC914215C}
		{114F9078-D8D6-4515-ACDE-25A5988475C7} = {C1A81622-7CF4-4E17-8979-7B8CC914215C}
		{835AE408-E04F-4E51-82C2-74F899C6DDA0} = {C1A81622-7CF4-4E17-8979-7B8CC914215C}
		{8291168C-FF6F-47F8-B166-9B5D551E7BCA} = {C1A81622-7CF4-4E17-8979-7B8CC914215C}
		{15181DED-BE43-47F9-A543-0B40F4F17A27} = {C1A81622-7CF4-4E17-8979-7B8CC914215C}
	EndGlobalSection
EndGlobal
